lockfileVersion: '6.0'

settings:
  autoInstallPeers: true
  excludeLinksFromLockfile: false

packageExtensionsChecksum: de7edee8e04c1ce0d1c3be75d9979308

patchedDependencies:
  react@18.2.0:
    hash: f4mivtdjmdrgb7665f5ly5h5nq
    path: patches/react@18.2.0.patch

importers:

  .:
    dependencies:
      turbo:
        specifier: ^1.10.7
        version: 1.10.7

  packages/lib-a:
    dependencies:
      '@reach/polymorphic':
        specifier: ^0.18.0
        version: 0.18.0(@types/react@18.2.15)(react@17.0.2)
      '@reach/skip-nav':
        specifier: ^0.18.0
        version: 0.18.0(@types/react@18.2.15)(react-dom@17.0.2)(react@17.0.2)

  packages/lib-b:
    dependencies:
      react:
        specifier: ^18.2.0
        version: 18.2.0(patch_hash=f4mivtdjmdrgb7665f5ly5h5nq)

packages:

  /@reach/polymorphic@0.18.0(@types/react@18.2.15)(react@17.0.2):
    resolution: {integrity: sha512-N9iAjdMbE//6rryZZxAPLRorzDcGBnluf7YQij6XDLiMtfCj1noa7KyLpEc/5XCIB/EwhX3zCluFAwloBKdblA==}
    peerDependencies:
      '@types/react': '*'
      react: ^16.8.0 || 17.x
    dependencies:
      '@types/react': 18.2.15
      react: 17.0.2
    dev: false

  /@reach/skip-nav@0.18.0(@types/react@18.2.15)(react-dom@17.0.2)(react@17.0.2):
    resolution: {integrity: sha512-7XKHX0NNTz9VJw1d+ZRuu3KhKSOZTIHSbHUuv7qKKPwSNApDa+dVGqR/I7dKwyB/CDFMXO4iEz4XLtOmvi0FEg==}
    peerDependencies:
      '@types/react': '*'
      react: ^16.8.0 || 17.x
      react-dom: ^16.8.0 || 17.x
    dependencies:
      '@reach/polymorphic': 0.18.0(@types/react@18.2.15)(react@17.0.2)
      '@types/react': 18.2.15
      react: 17.0.2
      react-dom: 17.0.2(react@17.0.2)
    dev: false

  /@types/prop-types@15.7.5:
    resolution: {integrity: sha512-JCB8C6SnDoQf0cNycqd/35A7MjcnK+ZTqE7judS6o7utxUCg6imJg3QK2qzHKszlTjcj2cn+NwMB2i96ubpj7w==}
    dev: false

  /@types/react@18.2.15:
    resolution: {integrity: sha512-oEjE7TQt1fFTFSbf8kkNuc798ahTUzn3Le67/PWjE8MAfYAD/qB7O8hSTcromLFqHCt9bcdOg5GXMokzTjJ5SA==}
    dependencies:
      '@types/prop-types': 15.7.5
      '@types/scheduler': 0.16.3
      csstype: 3.1.2
    dev: false

  /@types/scheduler@0.16.3:
    resolution: {integrity: sha512-5cJ8CB4yAx7BH1oMvdU0Jh9lrEXyPkar6F9G/ERswkCuvP4KQZfZkSjcMbAICCpQTN4OuZn8tz0HiKv9TGZgrQ==}
    dev: false

  /csstype@3.1.2:
    resolution: {integrity: sha512-I7K1Uu0MBPzaFKg4nI5Q7Vs2t+3gWWW648spaF+Rg7pI9ds18Ugn+lvg4SHczUdKlHI5LWBXyqfS8+DufyBsgQ==}
    dev: false

  /js-tokens@4.0.0:
    resolution: {integrity: sha512-RdJUflcE3cUzKiMqQgsCu06FPu9UdIJO0beYbPhHN4k6apgJtifcoCtT9bcxOpYBtpD2kCM6Sbzg4CausW/PKQ==}
    dev: false

  /loose-envify@1.4.0:
    resolution: {integrity: sha512-lyuxPGr/Wfhrlem2CL/UcnUc1zcqKAImBDzukY7Y5F/yQiNdko6+fRLevlw1HgMySw7f611UIY408EtxRSoK3Q==}
    hasBin: true
    dependencies:
      js-tokens: 4.0.0
    dev: false

  /object-assign@4.1.1:
    resolution: {integrity: sha512-rJgTQnkUnH1sFw8yT6VSU3zD3sWmu6sZhIseY8VX+GRu3P6F7Fu+JNDoXfklElbLJSnc3FUQHVe4cU5hj+BcUg==}
    engines: {node: '>=0.10.0'}
    dev: false

  /react-dom@17.0.2(react@17.0.2):
    resolution: {integrity: sha512-s4h96KtLDUQlsENhMn1ar8t2bEa+q/YAtj8pPPdIjPDGBDIVNsrD9aXNWqspUe6AzKCIG0C1HZZLqLV7qpOBGA==}
    peerDependencies:
      react: 17.0.2
    dependencies:
      loose-envify: 1.4.0
      object-assign: 4.1.1
      react: 17.0.2
      scheduler: 0.20.2
    dev: false

  /react@17.0.2:
    resolution: {integrity: sha512-gnhPt75i/dq/z3/6q/0asP78D0u592D5L1pd7M8P+dck6Fu/jJeL6iVVK23fptSUZj8Vjf++7wXA8UNclGQcbA==}
    engines: {node: '>=0.10.0'}
    dependencies:
      loose-envify: 1.4.0
      object-assign: 4.1.1
    dev: false

  /react@18.2.0(patch_hash=f4mivtdjmdrgb7665f5ly5h5nq):
    resolution: {integrity: sha512-/3IjMdb2L9QbBdWiW5e3P2/npwMBaU9mHCSCUzNln0ZCYbcfTsGbTJrU/kGemdH2IWmB2ioZ+zkxtmq6g09fGQ==}
    engines: {node: '>=0.10.0'}
    dependencies:
      loose-envify: 1.4.0
    dev: false
    patched: true

  /scheduler@0.20.2:
    resolution: {integrity: sha512-2eWfGgAqqWFGqtdMmcL5zCMK1U8KlXv8SQFGglL3CEtd0aDVDWgeF/YoCmvln55m5zSk3J/20hTaSBeSObsQDQ==}
    dependencies:
      loose-envify: 1.4.0
      object-assign: 4.1.1
    dev: false

  /turbo-darwin-64@1.10.7:
    resolution: {integrity: sha512-N2MNuhwrl6g7vGuz4y3fFG2aR1oCs0UZ5HKl8KSTn/VC2y2YIuLGedQ3OVbo0TfEvygAlF3QGAAKKtOCmGPNKA==}
    requiresBuild: true
    dev: false
    optional: true

  /turbo-darwin-arm64@1.10.7:
    resolution: {integrity: sha512-WbJkvjU+6qkngp7K4EsswOriO3xrNQag7YEGRtfLoDdMTk4O4QTeU6sfg2dKfDsBpTidTvEDwgIYJhYVGzrz9Q==}
    requiresBuild: true
    dev: false
    optional: true

  /turbo-linux-64@1.10.7:
    resolution: {integrity: sha512-x1CF2CDP1pDz/J8/B2T0hnmmOQI2+y11JGIzNP0KtwxDM7rmeg3DDTtDM/9PwGqfPotN9iVGgMiMvBuMFbsLhg==}
    requiresBuild: true
    dev: false
    optional: true

  /turbo-linux-arm64@1.10.7:
    resolution: {integrity: sha512-JtnBmaBSYbs7peJPkXzXxsRGSGBmBEIb6/kC8RRmyvPAMyqF8wIex0pttsI+9plghREiGPtRWv/lfQEPRlXnNQ==}
    requiresBuild: true
    dev: false
    optional: true

  /turbo-windows-64@1.10.7:
    resolution: {integrity: sha512-7A/4CByoHdolWS8dg3DPm99owfu1aY/W0V0+KxFd0o2JQMTQtoBgIMSvZesXaWM57z3OLsietFivDLQPuzE75w==}
    requiresBuild: true
    dev: false
    optional: true

  /turbo-windows-arm64@1.10.7:
    resolution: {integrity: sha512-D36K/3b6+hqm9IBAymnuVgyePktwQ+F0lSXr2B9JfAdFPBktSqGmp50JNC7pahxhnuCLj0Vdpe9RqfnJw5zATA==}
    requiresBuild: true
    dev: false
    optional: true

  /turbo@1.10.7:
    resolution: {integrity: sha512-xm0MPM28TWx1e6TNC3wokfE5eaDqlfi0G24kmeHupDUZt5Wd0OzHFENEHMPqEaNKJ0I+AMObL6nbSZonZBV2HA==}
    hasBin: true
    requiresBuild: true
    optionalDependencies:
      turbo-darwin-64: 1.10.7
      turbo-darwin-arm64: 1.10.7
      turbo-linux-64: 1.10.7
      turbo-linux-arm64: 1.10.7
      turbo-windows-64: 1.10.7
      turbo-windows-arm64: 1.10.7
    dev: false
